{
  "version": 4,
  "terraform_version": "1.2.6",
  "serial": 1,
  "lineage": "c32868e4-92c5-cbe4-6f4e-556a4cccb115",
  "outputs": {},
  "resources": [
    {
      "mode": "managed",
      "type": "github_repository",
      "name": "example",
      "provider": "provider[\"registry.terraform.io/integrations/github\"]",
      "instances": [
        {
          "schema_version": 0,
          "attributes": {
            "allow_auto_merge": false,
            "allow_merge_commit": true,
            "allow_rebase_merge": true,
            "allow_squash_merge": true,
            "archive_on_destroy": null,
            "archived": false,
            "auto_init": null,
            "branches": [],
            "default_branch": "main",
            "delete_branch_on_merge": false,
            "description": "My awesome codebase",
            "etag": "W/\"b8afa9427f4904ec07c2285476a553cf92ce4b734629d06004907cdc6137eb3e\"",
            "full_name": "Samelamename/tfrepo",
            "git_clone_url": "git://github.com/Samelamename/tfrepo.git",
            "gitignore_template": null,
            "has_downloads": false,
            "has_issues": false,
            "has_projects": false,
            "has_wiki": false,
            "homepage_url": "",
            "html_url": "https://github.com/Samelamename/tfrepo",
            "http_clone_url": "https://github.com/Samelamename/tfrepo.git",
            "id": "tfrepo",
            "ignore_vulnerability_alerts_during_read": null,
            "is_template": false,
            "license_template": null,
            "name": "tfrepo",
            "node_id": "R_kgDOHviVEA",
            "pages": [],
            "private": false,
            "repo_id": 519607568,
            "ssh_clone_url": "git@github.com:Samelamename/tfrepo.git",
            "svn_url": "https://github.com/Samelamename/tfrepo",
            "template": [],
            "topics": null,
            "visibility": "public",
            "vulnerability_alerts": false
          },
          "sensitive_attributes": [],
          "private": "bnVsbA=="
        }
      ]
    }
  ]
}
